
Microsoft Visual Studio Solution File, Format Version 12.00
# Visual Studio Version 17
VisualStudioVersion = 17.0.31903.59
MinimumVisualStudioVersion = 10.0.40219.1
Project("{2150E333-8FDC-42A3-9474-1A3956D46DE8}") = "src", "src", "{827E0CD3-B72D-47B6-A68D-7590B98EB39B}"
EndProject
Project("{FAE04EC0-301F-11D3-BF4B-00C04F79EFBC}") = "MixingStation.Client", "src\MixingStation.Client\MixingStation.Client.csproj", "{C3F388FC-E6B7-4A83-9174-8628C5C0E7DE}"
EndProject
Project("{2150E333-8FDC-42A3-9474-1A3956D46DE8}") = "tests", "tests", "{0AB3BF05-4346-4AA6-1389-037BE0695223}"
EndProject
Project("{FAE04EC0-301F-11D3-BF4B-00C04F79EFBC}") = "MixingStation.Client.Tests", "tests\MixingStation.Client.Tests\MixingStation.Client.Tests.csproj", "{DA66AF0A-51AF-4940-A045-5D634B5EEDB3}"
EndProject
Project("{2150E333-8FDC-42A3-9474-1A3956D46DE8}") = "examples", "examples", "{B36A84DF-456D-A817-6EDD-3EC3E7F6E11F}"
EndProject
Project("{FAE04EC0-301F-11D3-BF4B-00C04F79EFBC}") = "exportlists", "examples\exportlists\exportlists.csproj", "{2533F506-E8A7-40A6-8675-5BFB17D72942}"
EndProject
Global
	GlobalSection(SolutionConfigurationPlatforms) = preSolution
		Debug|Any CPU = Debug|Any CPU
		Debug|x64 = Debug|x64
		Debug|x86 = Debug|x86
		Release|Any CPU = Release|Any CPU
		Release|x64 = Release|x64
		Release|x86 = Release|x86
	EndGlobalSection
	GlobalSection(ProjectConfigurationPlatforms) = postSolution
		{C3F388FC-E6B7-4A83-9174-8628C5C0E7DE}.Debug|Any CPU.ActiveCfg = Debug|Any CPU
		{C3F388FC-E6B7-4A83-9174-8628C5C0E7DE}.Debug|Any CPU.Build.0 = Debug|Any CPU
		{C3F388FC-E6B7-4A83-9174-8628C5C0E7DE}.Debug|x64.ActiveCfg = Debug|Any CPU
		{C3F388FC-E6B7-4A83-9174-8628C5C0E7DE}.Debug|x64.Build.0 = Debug|Any CPU
		{C3F388FC-E6B7-4A83-9174-8628C5C0E7DE}.Debug|x86.ActiveCfg = Debug|Any CPU
		{C3F388FC-E6B7-4A83-9174-8628C5C0E7DE}.Debug|x86.Build.0 = Debug|Any CPU
		{C3F388FC-E6B7-4A83-9174-8628C5C0E7DE}.Release|Any CPU.ActiveCfg = Release|Any CPU
		{C3F388FC-E6B7-4A83-9174-8628C5C0E7DE}.Release|Any CPU.Build.0 = Release|Any CPU
		{C3F388FC-E6B7-4A83-9174-8628C5C0E7DE}.Release|x64.ActiveCfg = Release|Any CPU
		{C3F388FC-E6B7-4A83-9174-8628C5C0E7DE}.Release|x64.Build.0 = Release|Any CPU
		{C3F388FC-E6B7-4A83-9174-8628C5C0E7DE}.Release|x86.ActiveCfg = Release|Any CPU
		{C3F388FC-E6B7-4A83-9174-8628C5C0E7DE}.Release|x86.Build.0 = Release|Any CPU
		{DA66AF0A-51AF-4940-A045-5D634B5EEDB3}.Debug|Any CPU.ActiveCfg = Debug|Any CPU
		{DA66AF0A-51AF-4940-A045-5D634B5EEDB3}.Debug|Any CPU.Build.0 = Debug|Any CPU
		{DA66AF0A-51AF-4940-A045-5D634B5EEDB3}.Debug|x64.ActiveCfg = Debug|Any CPU
		{DA66AF0A-51AF-4940-A045-5D634B5EEDB3}.Debug|x64.Build.0 = Debug|Any CPU
		{DA66AF0A-51AF-4940-A045-5D634B5EEDB3}.Debug|x86.ActiveCfg = Debug|Any CPU
		{DA66AF0A-51AF-4940-A045-5D634B5EEDB3}.Debug|x86.Build.0 = Debug|Any CPU
		{DA66AF0A-51AF-4940-A045-5D634B5EEDB3}.Release|Any CPU.ActiveCfg = Release|Any CPU
		{DA66AF0A-51AF-4940-A045-5D634B5EEDB3}.Release|Any CPU.Build.0 = Release|Any CPU
		{DA66AF0A-51AF-4940-A045-5D634B5EEDB3}.Release|x64.ActiveCfg = Release|Any CPU
		{DA66AF0A-51AF-4940-A045-5D634B5EEDB3}.Release|x64.Build.0 = Release|Any CPU
		{DA66AF0A-51AF-4940-A045-5D634B5EEDB3}.Release|x86.ActiveCfg = Release|Any CPU
		{DA66AF0A-51AF-4940-A045-5D634B5EEDB3}.Release|x86.Build.0 = Release|Any CPU
		{2533F506-E8A7-40A6-8675-5BFB17D72942}.Debug|Any CPU.ActiveCfg = Debug|Any CPU
		{2533F506-E8A7-40A6-8675-5BFB17D72942}.Debug|Any CPU.Build.0 = Debug|Any CPU
		{2533F506-E8A7-40A6-8675-5BFB17D72942}.Debug|x64.ActiveCfg = Debug|Any CPU
		{2533F506-E8A7-40A6-8675-5BFB17D72942}.Debug|x64.Build.0 = Debug|Any CPU
		{2533F506-E8A7-40A6-8675-5BFB17D72942}.Debug|x86.ActiveCfg = Debug|Any CPU
		{2533F506-E8A7-40A6-8675-5BFB17D72942}.Debug|x86.Build.0 = Debug|Any CPU
		{2533F506-E8A7-40A6-8675-5BFB17D72942}.Release|Any CPU.ActiveCfg = Release|Any CPU
		{2533F506-E8A7-40A6-8675-5BFB17D72942}.Release|Any CPU.Build.0 = Release|Any CPU
		{2533F506-E8A7-40A6-8675-5BFB17D72942}.Release|x64.ActiveCfg = Release|Any CPU
		{2533F506-E8A7-40A6-8675-5BFB17D72942}.Release|x64.Build.0 = Release|Any CPU
		{2533F506-E8A7-40A6-8675-5BFB17D72942}.Release|x86.ActiveCfg = Release|Any CPU
		{2533F506-E8A7-40A6-8675-5BFB17D72942}.Release|x86.Build.0 = Release|Any CPU
	EndGlobalSection
	GlobalSection(SolutionProperties) = preSolution
		HideSolutionNode = FALSE
	EndGlobalSection
	GlobalSection(NestedProjects) = preSolution
		{C3F388FC-E6B7-4A83-9174-8628C5C0E7DE} = {827E0CD3-B72D-47B6-A68D-7590B98EB39B}
		{DA66AF0A-51AF-4940-A045-5D634B5EEDB3} = {0AB3BF05-4346-4AA6-1389-037BE0695223}
		{2533F506-E8A7-40A6-8675-5BFB17D72942} = {B36A84DF-456D-A817-6EDD-3EC3E7F6E11F}
	EndGlobalSection
EndGlobal
